
Microsoft Visual Studio Solution File, Format Version 12.00
# Visual Studio Version 17
VisualStudioVersion = 17.0.32112.339
MinimumVisualStudioVersion = 10.0.40219.1
Project("{FAE04EC0-301F-11D3-BF4B-00C04F79EFBC}") = "RESTApiWithAzureFunction", "RESTApiWithAzureFunction\RESTApiWithAzureFunction.csproj", "{CE05B357-5789-40AB-98EB-EFC4D43325BA}"
EndProject
Global
	GlobalSection(SolutionConfigurationPlatforms) = preSolution
		Debug|Any CPU = Debug|Any CPU
		Release|Any CPU = Release|Any CPU
	EndGlobalSection
	GlobalSection(ProjectConfigurationPlatforms) = postSolution
		{CE05B357-5789-40AB-98EB-EFC4D43325BA}.Debug|Any CPU.ActiveCfg = Debug|Any CPU
		{CE05B357-5789-40AB-98EB-EFC4D43325BA}.Debug|Any CPU.Build.0 = Debug|Any CPU
		{CE05B357-5789-40AB-98EB-EFC4D43325BA}.Release|Any CPU.ActiveCfg = Release|Any CPU
		{CE05B357-5789-40AB-98EB-EFC4D43325BA}.Release|Any CPU.Build.0 = Release|Any CPU
	EndGlobalSection
	GlobalSection(SolutionProperties) = preSolution
		HideSolutionNode = FALSE
	EndGlobalSection
	GlobalSection(ExtensibilityGlobals) = postSolution
		SolutionGuid = {EEA1FC7F-C12F-46AE-9F95-28A098B62562}
	EndGlobalSection
EndGlobal
